
Microsoft Visual Studio Solution File, Format Version 12.00
# Visual Studio Version 17
VisualStudioVersion = 17.4.33213.308
MinimumVisualStudioVersion = 10.0.40219.1
Project("{FAE04EC0-301F-11D3-BF4B-00C04F79EFBC}") = "Kiran_FitnessGym_Club", "Kiran_FitnessGym_Club\Kiran_FitnessGym_Club.csproj", "{28DF632C-91A2-4B25-BBC9-A62F45B10684}"
EndProject
Global
	GlobalSection(SolutionConfigurationPlatforms) = preSolution
		Debug|Any CPU = Debug|Any CPU
		Release|Any CPU = Release|Any CPU
	EndGlobalSection
	GlobalSection(ProjectConfigurationPlatforms) = postSolution
		{28DF632C-91A2-4B25-BBC9-A62F45B10684}.Debug|Any CPU.ActiveCfg = Debug|Any CPU
		{28DF632C-91A2-4B25-BBC9-A62F45B10684}.Debug|Any CPU.Build.0 = Debug|Any CPU
		{28DF632C-91A2-4B25-BBC9-A62F45B10684}.Release|Any CPU.ActiveCfg = Release|Any CPU
		{28DF632C-91A2-4B25-BBC9-A62F45B10684}.Release|Any CPU.Build.0 = Release|Any CPU
	EndGlobalSection
	GlobalSection(SolutionProperties) = preSolution
		HideSolutionNode = FALSE
	EndGlobalSection
	GlobalSection(ExtensibilityGlobals) = postSolution
		SolutionGuid = {7DDF823B-D011-47B7-96B3-F0196A9CA6BA}
	EndGlobalSection
EndGlobal
